{
  "originHash" : "533de208f7207fdd36b99a2f0036707fca012c23defe0e4e99a820106aff336d",
  "pins" : [
    {
      "identity" : "purchases-ios-spm",
      "kind" : "remoteSourceControl",
      "location" : "https://github.com/RevenueCat/purchases-ios-spm.git",
      "state" : {
        "revision" : "a9e30497409e04f43a7d210c15fd12b4c3c0f7be",
        "version" : "5.58.1"
      }
    }
  ],
  "version" : 3
}
